// !$*UTF8*$!
{
	archiveVersion = 1;
	classes = {
	};
	objectVersion = 46;
	objects = {

/* Begin PBXBuildFile section */
		7398B00F1C25FEF5000ED3FD /* ReduxKitRxSwift.h in Headers */ = {isa = PBXBuildFile; fileRef = 7398B00E1C25FEF5000ED3FD /* ReduxKitRxSwift.h */; settings = {ATTRIBUTES = (Public, ); }; };
		7398B0161C25FEF5000ED3FD /* ReduxKitRxSwift.framework in Frameworks */ = {isa = PBXBuildFile; fileRef = 7398B00B1C25FEF5000ED3FD /* ReduxKitRxSwift.framework */; };
		7398B0411C25FF34000ED3FD /* ReduxKitRxSwift.framework in Frameworks */ = {isa = PBXBuildFile; fileRef = 7398B0371C25FF34000ED3FD /* ReduxKitRxSwift.framework */; };
		7398B05D1C25FF4B000ED3FD /* ReduxKitRxSwift.framework in Frameworks */ = {isa = PBXBuildFile; fileRef = 7398B0531C25FF4B000ED3FD /* ReduxKitRxSwift.framework */; };
		7398B0741C2602BF000ED3FD /* ReduxKitRxSwiftTests.swift in Sources */ = {isa = PBXBuildFile; fileRef = 7398B01A1C25FEF5000ED3FD /* ReduxKitRxSwiftTests.swift */; };
		7398B0791C260489000ED3FD /* ReduxKit.framework in Frameworks */ = {isa = PBXBuildFile; fileRef = 7398B0771C260489000ED3FD /* ReduxKit.framework */; };
		7398B07A1C260489000ED3FD /* RxSwift.framework in Frameworks */ = {isa = PBXBuildFile; fileRef = 7398B0781C260489000ED3FD /* RxSwift.framework */; };
		7398B07D1C2604A1000ED3FD /* ReduxKit.framework in Frameworks */ = {isa = PBXBuildFile; fileRef = 7398B07B1C2604A1000ED3FD /* ReduxKit.framework */; };
		7398B07E1C2604A1000ED3FD /* RxSwift.framework in Frameworks */ = {isa = PBXBuildFile; fileRef = 7398B07C1C2604A1000ED3FD /* RxSwift.framework */; };
		7398B0811C2604B3000ED3FD /* ReduxKit.framework in Frameworks */ = {isa = PBXBuildFile; fileRef = 7398B07F1C2604B3000ED3FD /* ReduxKit.framework */; };
		7398B0821C2604B3000ED3FD /* RxSwift.framework in Frameworks */ = {isa = PBXBuildFile; fileRef = 7398B0801C2604B3000ED3FD /* RxSwift.framework */; };
		7398B0891C26057A000ED3FD /* ReduxKit.framework in Frameworks */ = {isa = PBXBuildFile; fileRef = 7398B0871C26057A000ED3FD /* ReduxKit.framework */; };
		7398B08A1C26057A000ED3FD /* RxSwift.framework in Frameworks */ = {isa = PBXBuildFile; fileRef = 7398B0881C26057A000ED3FD /* RxSwift.framework */; };
		7398B08F1C2606B6000ED3FD /* ReduxKit.framework in Frameworks */ = {isa = PBXBuildFile; fileRef = 7398B07F1C2604B3000ED3FD /* ReduxKit.framework */; };
		7398B0901C2606B6000ED3FD /* RxSwift.framework in Frameworks */ = {isa = PBXBuildFile; fileRef = 7398B0801C2604B3000ED3FD /* RxSwift.framework */; };
		7398B0931C26074E000ED3FD /* Mocks.swift in Sources */ = {isa = PBXBuildFile; fileRef = 7398B0911C260749000ED3FD /* Mocks.swift */; };
		7398B0941C26074F000ED3FD /* Mocks.swift in Sources */ = {isa = PBXBuildFile; fileRef = 7398B0911C260749000ED3FD /* Mocks.swift */; };
		7398B0951C260751000ED3FD /* Mocks.swift in Sources */ = {isa = PBXBuildFile; fileRef = 7398B0911C260749000ED3FD /* Mocks.swift */; };
		7398B0961C261015000ED3FD /* ReduxKitRxSwiftTests.swift in Sources */ = {isa = PBXBuildFile; fileRef = 7398B01A1C25FEF5000ED3FD /* ReduxKitRxSwiftTests.swift */; };
		7398B0971C261016000ED3FD /* ReduxKitRxSwiftTests.swift in Sources */ = {isa = PBXBuildFile; fileRef = 7398B01A1C25FEF5000ED3FD /* ReduxKitRxSwiftTests.swift */; };
		7398B09D1C26115D000ED3FD /* ReduxKit.framework in Frameworks */ = {isa = PBXBuildFile; fileRef = 7398B07B1C2604A1000ED3FD /* ReduxKit.framework */; };
		7398B09E1C26115D000ED3FD /* RxSwift.framework in Frameworks */ = {isa = PBXBuildFile; fileRef = 7398B07C1C2604A1000ED3FD /* RxSwift.framework */; };
		7398B09F1C261163000ED3FD /* ReduxKit.framework in Frameworks */ = {isa = PBXBuildFile; fileRef = 7398B0771C260489000ED3FD /* ReduxKit.framework */; };
		7398B0A01C261163000ED3FD /* RxSwift.framework in Frameworks */ = {isa = PBXBuildFile; fileRef = 7398B0781C260489000ED3FD /* RxSwift.framework */; };
		73A125D71C2A149900E4E928 /* ObservableMiddlewareTests.swift in Sources */ = {isa = PBXBuildFile; fileRef = 73A125D61C2A149900E4E928 /* ObservableMiddlewareTests.swift */; };
		73A125D81C2A149900E4E928 /* ObservableMiddlewareTests.swift in Sources */ = {isa = PBXBuildFile; fileRef = 73A125D61C2A149900E4E928 /* ObservableMiddlewareTests.swift */; };
		73A125D91C2A149900E4E928 /* ObservableMiddlewareTests.swift in Sources */ = {isa = PBXBuildFile; fileRef = 73A125D61C2A149900E4E928 /* ObservableMiddlewareTests.swift */; };
		73A125DB1C2A187400E4E928 /* ObservableAction.swift in Sources */ = {isa = PBXBuildFile; fileRef = 73A125DA1C2A187400E4E928 /* ObservableAction.swift */; };
		73A125DC1C2A187400E4E928 /* ObservableAction.swift in Sources */ = {isa = PBXBuildFile; fileRef = 73A125DA1C2A187400E4E928 /* ObservableAction.swift */; };
		73A125DD1C2A187400E4E928 /* ObservableAction.swift in Sources */ = {isa = PBXBuildFile; fileRef = 73A125DA1C2A187400E4E928 /* ObservableAction.swift */; };
		73A125DE1C2A187400E4E928 /* ObservableAction.swift in Sources */ = {isa = PBXBuildFile; fileRef = 73A125DA1C2A187400E4E928 /* ObservableAction.swift */; };
		73A125E01C2A196600E4E928 /* observableMiddleware.swift in Sources */ = {isa = PBXBuildFile; fileRef = 73A125DF1C2A196600E4E928 /* observableMiddleware.swift */; };
		73A125E11C2A196600E4E928 /* observableMiddleware.swift in Sources */ = {isa = PBXBuildFile; fileRef = 73A125DF1C2A196600E4E928 /* observableMiddleware.swift */; };
		73A125E21C2A196600E4E928 /* observableMiddleware.swift in Sources */ = {isa = PBXBuildFile; fileRef = 73A125DF1C2A196600E4E928 /* observableMiddleware.swift */; };
		73A125E31C2A196600E4E928 /* observableMiddleware.swift in Sources */ = {isa = PBXBuildFile; fileRef = 73A125DF1C2A196600E4E928 /* observableMiddleware.swift */; };
		73E4859A1C2F7BAD00462A12 /* Store+init.swift in Sources */ = {isa = PBXBuildFile; fileRef = 73E485991C2F7BAD00462A12 /* Store+init.swift */; };
		73E4859B1C2F7BAD00462A12 /* Store+init.swift in Sources */ = {isa = PBXBuildFile; fileRef = 73E485991C2F7BAD00462A12 /* Store+init.swift */; };
		73E4859C1C2F7BAD00462A12 /* Store+init.swift in Sources */ = {isa = PBXBuildFile; fileRef = 73E485991C2F7BAD00462A12 /* Store+init.swift */; };
		73E4859D1C2F7BAD00462A12 /* Store+init.swift in Sources */ = {isa = PBXBuildFile; fileRef = 73E485991C2F7BAD00462A12 /* Store+init.swift */; };
		73E4859F1C2F7BE000462A12 /* setupStoreBacking.swift in Sources */ = {isa = PBXBuildFile; fileRef = 73E4859E1C2F7BE000462A12 /* setupStoreBacking.swift */; };
		73E485A01C2F7BE000462A12 /* setupStoreBacking.swift in Sources */ = {isa = PBXBuildFile; fileRef = 73E4859E1C2F7BE000462A12 /* setupStoreBacking.swift */; };
		73E485A11C2F7BE000462A12 /* setupStoreBacking.swift in Sources */ = {isa = PBXBuildFile; fileRef = 73E4859E1C2F7BE000462A12 /* setupStoreBacking.swift */; };
		73E485A21C2F7BE000462A12 /* setupStoreBacking.swift in Sources */ = {isa = PBXBuildFile; fileRef = 73E4859E1C2F7BE000462A12 /* setupStoreBacking.swift */; };
		73E485A41C2F7CA000462A12 /* ReduxRxDisposable.swift in Sources */ = {isa = PBXBuildFile; fileRef = 73E485A31C2F7CA000462A12 /* ReduxRxDisposable.swift */; };
		73E485A51C2F7CA000462A12 /* ReduxRxDisposable.swift in Sources */ = {isa = PBXBuildFile; fileRef = 73E485A31C2F7CA000462A12 /* ReduxRxDisposable.swift */; };
		73E485A61C2F7CA000462A12 /* ReduxRxDisposable.swift in Sources */ = {isa = PBXBuildFile; fileRef = 73E485A31C2F7CA000462A12 /* ReduxRxDisposable.swift */; };
		73E485A71C2F7CA000462A12 /* ReduxRxDisposable.swift in Sources */ = {isa = PBXBuildFile; fileRef = 73E485A31C2F7CA000462A12 /* ReduxRxDisposable.swift */; };
		73EF72FC1C2F4F4E00F5E57D /* createStore.swift in Sources */ = {isa = PBXBuildFile; fileRef = 73EF72FB1C2F4F4E00F5E57D /* createStore.swift */; };
		73EF72FD1C2F515600F5E57D /* createStore.swift in Sources */ = {isa = PBXBuildFile; fileRef = 73EF72FB1C2F4F4E00F5E57D /* createStore.swift */; };
		73EF72FE1C2F515700F5E57D /* createStore.swift in Sources */ = {isa = PBXBuildFile; fileRef = 73EF72FB1C2F4F4E00F5E57D /* createStore.swift */; };
		73EF72FF1C2F515800F5E57D /* createStore.swift in Sources */ = {isa = PBXBuildFile; fileRef = 73EF72FB1C2F4F4E00F5E57D /* createStore.swift */; };
/* End PBXBuildFile section */

/* Begin PBXContainerItemProxy section */
		7398B0171C25FEF5000ED3FD /* PBXContainerItemProxy */ = {
			isa = PBXContainerItemProxy;
			containerPortal = 7398B0021C25FEF5000ED3FD /* Project object */;
			proxyType = 1;
			remoteGlobalIDString = 7398B00A1C25FEF5000ED3FD;
			remoteInfo = ReduxKitRxSwift;
		};
		7398B0421C25FF34000ED3FD /* PBXContainerItemProxy */ = {
			isa = PBXContainerItemProxy;
			containerPortal = 7398B0021C25FEF5000ED3FD /* Project object */;
			proxyType = 1;
			remoteGlobalIDString = 7398B0361C25FF34000ED3FD;
			remoteInfo = ReduxKitRxSwift;
		};
		7398B05E1C25FF4B000ED3FD /* PBXContainerItemProxy */ = {
			isa = PBXContainerItemProxy;
			containerPortal = 7398B0021C25FEF5000ED3FD /* Project object */;
			proxyType = 1;
			remoteGlobalIDString = 7398B0521C25FF4B000ED3FD;
			remoteInfo = ReduxKitRxSwift;
		};
/* End PBXContainerItemProxy section */

/* Begin PBXFileReference section */
		7398B00B1C25FEF5000ED3FD /* ReduxKitRxSwift.framework */ = {isa = PBXFileReference; explicitFileType = wrapper.framework; includeInIndex = 0; path = ReduxKitRxSwift.framework; sourceTree = BUILT_PRODUCTS_DIR; };
		7398B00E1C25FEF5000ED3FD /* ReduxKitRxSwift.h */ = {isa = PBXFileReference; lastKnownFileType = sourcecode.c.h; path = ReduxKitRxSwift.h; sourceTree = "<group>"; };
		7398B0101C25FEF5000ED3FD /* Info.plist */ = {isa = PBXFileReference; lastKnownFileType = text.plist.xml; path = Info.plist; sourceTree = "<group>"; };
		7398B0151C25FEF5000ED3FD /* ReduxKitRxSwiftTests.xctest */ = {isa = PBXFileReference; explicitFileType = wrapper.cfbundle; includeInIndex = 0; path = ReduxKitRxSwiftTests.xctest; sourceTree = BUILT_PRODUCTS_DIR; };
		7398B01A1C25FEF5000ED3FD /* ReduxKitRxSwiftTests.swift */ = {isa = PBXFileReference; lastKnownFileType = sourcecode.swift; path = ReduxKitRxSwiftTests.swift; sourceTree = "<group>"; };
		7398B01C1C25FEF5000ED3FD /* Info.plist */ = {isa = PBXFileReference; lastKnownFileType = text.plist.xml; path = Info.plist; sourceTree = "<group>"; };
		7398B02A1C25FF1F000ED3FD /* ReduxKitRxSwift.framework */ = {isa = PBXFileReference; explicitFileType = wrapper.framework; includeInIndex = 0; path = ReduxKitRxSwift.framework; sourceTree = BUILT_PRODUCTS_DIR; };
		7398B0371C25FF34000ED3FD /* ReduxKitRxSwift.framework */ = {isa = PBXFileReference; explicitFileType = wrapper.framework; includeInIndex = 0; path = ReduxKitRxSwift.framework; sourceTree = BUILT_PRODUCTS_DIR; };
		7398B0401C25FF34000ED3FD /* ReduxKitRxSwiftTests.xctest */ = {isa = PBXFileReference; explicitFileType = wrapper.cfbundle; includeInIndex = 0; path = ReduxKitRxSwiftTests.xctest; sourceTree = BUILT_PRODUCTS_DIR; };
		7398B0531C25FF4B000ED3FD /* ReduxKitRxSwift.framework */ = {isa = PBXFileReference; explicitFileType = wrapper.framework; includeInIndex = 0; path = ReduxKitRxSwift.framework; sourceTree = BUILT_PRODUCTS_DIR; };
		7398B05C1C25FF4B000ED3FD /* ReduxKitRxSwiftTests.xctest */ = {isa = PBXFileReference; explicitFileType = wrapper.cfbundle; includeInIndex = 0; path = ReduxKitRxSwiftTests.xctest; sourceTree = BUILT_PRODUCTS_DIR; };
		7398B06F1C26022A000ED3FD /* Cartfile */ = {isa = PBXFileReference; lastKnownFileType = text; path = Cartfile; sourceTree = "<group>"; };
		7398B0761C260480000ED3FD /* Cartfile.resolved */ = {isa = PBXFileReference; lastKnownFileType = text; path = Cartfile.resolved; sourceTree = "<group>"; };
		7398B0771C260489000ED3FD /* ReduxKit.framework */ = {isa = PBXFileReference; lastKnownFileType = wrapper.framework; name = ReduxKit.framework; path = Carthage/Build/iOS/ReduxKit.framework; sourceTree = "<group>"; };
		7398B0781C260489000ED3FD /* RxSwift.framework */ = {isa = PBXFileReference; lastKnownFileType = wrapper.framework; name = RxSwift.framework; path = Carthage/Build/iOS/RxSwift.framework; sourceTree = "<group>"; };
		7398B07B1C2604A1000ED3FD /* ReduxKit.framework */ = {isa = PBXFileReference; lastKnownFileType = wrapper.framework; name = ReduxKit.framework; path = Carthage/Build/tvOS/ReduxKit.framework; sourceTree = "<group>"; };
		7398B07C1C2604A1000ED3FD /* RxSwift.framework */ = {isa = PBXFileReference; lastKnownFileType = wrapper.framework; name = RxSwift.framework; path = Carthage/Build/tvOS/RxSwift.framework; sourceTree = "<group>"; };
		7398B07F1C2604B3000ED3FD /* ReduxKit.framework */ = {isa = PBXFileReference; lastKnownFileType = wrapper.framework; name = ReduxKit.framework; path = Carthage/Build/Mac/ReduxKit.framework; sourceTree = "<group>"; };
		7398B0801C2604B3000ED3FD /* RxSwift.framework */ = {isa = PBXFileReference; lastKnownFileType = wrapper.framework; name = RxSwift.framework; path = Carthage/Build/Mac/RxSwift.framework; sourceTree = "<group>"; };
		7398B0871C26057A000ED3FD /* ReduxKit.framework */ = {isa = PBXFileReference; lastKnownFileType = wrapper.framework; name = ReduxKit.framework; path = Carthage/Build/watchOS/ReduxKit.framework; sourceTree = "<group>"; };
		7398B0881C26057A000ED3FD /* RxSwift.framework */ = {isa = PBXFileReference; lastKnownFileType = wrapper.framework; name = RxSwift.framework; path = Carthage/Build/watchOS/RxSwift.framework; sourceTree = "<group>"; };
		7398B08B1C2605A1000ED3FD /* LICENSE */ = {isa = PBXFileReference; lastKnownFileType = text; path = LICENSE; sourceTree = "<group>"; };
		7398B08C1C2605A1000ED3FD /* README.md */ = {isa = PBXFileReference; lastKnownFileType = net.daringfireball.markdown; path = README.md; sourceTree = "<group>"; };
		7398B0911C260749000ED3FD /* Mocks.swift */ = {isa = PBXFileReference; fileEncoding = 4; lastKnownFileType = sourcecode.swift; path = Mocks.swift; sourceTree = "<group>"; };
		73A125D51C2A067600E4E928 /* ReduxKitRxSwift.podspec */ = {isa = PBXFileReference; lastKnownFileType = text; path = ReduxKitRxSwift.podspec; sourceTree = "<group>"; };
		73A125D61C2A149900E4E928 /* ObservableMiddlewareTests.swift */ = {isa = PBXFileReference; fileEncoding = 4; lastKnownFileType = sourcecode.swift; path = ObservableMiddlewareTests.swift; sourceTree = "<group>"; };
		73A125DA1C2A187400E4E928 /* ObservableAction.swift */ = {isa = PBXFileReference; fileEncoding = 4; lastKnownFileType = sourcecode.swift; path = ObservableAction.swift; sourceTree = "<group>"; };
		73A125DF1C2A196600E4E928 /* observableMiddleware.swift */ = {isa = PBXFileReference; fileEncoding = 4; lastKnownFileType = sourcecode.swift; path = observableMiddleware.swift; sourceTree = "<group>"; };
		73E485991C2F7BAD00462A12 /* Store+init.swift */ = {isa = PBXFileReference; fileEncoding = 4; lastKnownFileType = sourcecode.swift; path = "Store+init.swift"; sourceTree = "<group>"; };
		73E4859E1C2F7BE000462A12 /* setupStoreBacking.swift */ = {isa = PBXFileReference; fileEncoding = 4; lastKnownFileType = sourcecode.swift; path = setupStoreBacking.swift; sourceTree = "<group>"; };
		73E485A31C2F7CA000462A12 /* ReduxRxDisposable.swift */ = {isa = PBXFileReference; fileEncoding = 4; lastKnownFileType = sourcecode.swift; path = ReduxRxDisposable.swift; sourceTree = "<group>"; };
		73EF72FB1C2F4F4E00F5E57D /* createStore.swift */ = {isa = PBXFileReference; fileEncoding = 4; lastKnownFileType = sourcecode.swift; path = createStore.swift; sourceTree = "<group>"; };
/* End PBXFileReference section */

/* Begin PBXFrameworksBuildPhase section */
		7398B0071C25FEF5000ED3FD /* Frameworks */ = {
			isa = PBXFrameworksBuildPhase;
			buildActionMask = 2147483647;
			files = (
				7398B0791C260489000ED3FD /* ReduxKit.framework in Frameworks */,
				7398B07A1C260489000ED3FD /* RxSwift.framework in Frameworks */,
			);
			runOnlyForDeploymentPostprocessing = 0;
		};
		7398B0121C25FEF5000ED3FD /* Frameworks */ = {
			isa = PBXFrameworksBuildPhase;
			buildActionMask = 2147483647;
			files = (
				7398B0161C25FEF5000ED3FD /* ReduxKitRxSwift.framework in Frameworks */,
				7398B09F1C261163000ED3FD /* ReduxKit.framework in Frameworks */,
				7398B0A01C261163000ED3FD /* RxSwift.framework in Frameworks */,
			);
			runOnlyForDeploymentPostprocessing = 0;
		};
		7398B0261C25FF1F000ED3FD /* Frameworks */ = {
			isa = PBXFrameworksBuildPhase;
			buildActionMask = 2147483647;
			files = (
				7398B08A1C26057A000ED3FD /* RxSwift.framework in Frameworks */,
				7398B0891C26057A000ED3FD /* ReduxKit.framework in Frameworks */,
			);
			runOnlyForDeploymentPostprocessing = 0;
		};
		7398B0331C25FF34000ED3FD /* Frameworks */ = {
			isa = PBXFrameworksBuildPhase;
			buildActionMask = 2147483647;
			files = (
				7398B07D1C2604A1000ED3FD /* ReduxKit.framework in Frameworks */,
				7398B07E1C2604A1000ED3FD /* RxSwift.framework in Frameworks */,
			);
			runOnlyForDeploymentPostprocessing = 0;
		};
		7398B03D1C25FF34000ED3FD /* Frameworks */ = {
			isa = PBXFrameworksBuildPhase;
			buildActionMask = 2147483647;
			files = (
				7398B0411C25FF34000ED3FD /* ReduxKitRxSwift.framework in Frameworks */,
				7398B09D1C26115D000ED3FD /* ReduxKit.framework in Frameworks */,
				7398B09E1C26115D000ED3FD /* RxSwift.framework in Frameworks */,
			);
			runOnlyForDeploymentPostprocessing = 0;
		};
		7398B04F1C25FF4B000ED3FD /* Frameworks */ = {
			isa = PBXFrameworksBuildPhase;
			buildActionMask = 2147483647;
			files = (
				7398B0811C2604B3000ED3FD /* ReduxKit.framework in Frameworks */,
				7398B0821C2604B3000ED3FD /* RxSwift.framework in Frameworks */,
			);
			runOnlyForDeploymentPostprocessing = 0;
		};
		7398B0591C25FF4B000ED3FD /* Frameworks */ = {
			isa = PBXFrameworksBuildPhase;
			buildActionMask = 2147483647;
			files = (
				7398B05D1C25FF4B000ED3FD /* ReduxKitRxSwift.framework in Frameworks */,
				7398B08F1C2606B6000ED3FD /* ReduxKit.framework in Frameworks */,
				7398B0901C2606B6000ED3FD /* RxSwift.framework in Frameworks */,
			);
			runOnlyForDeploymentPostprocessing = 0;
		};
/* End PBXFrameworksBuildPhase section */

/* Begin PBXGroup section */
		7398B0011C25FEF5000ED3FD = {
			isa = PBXGroup;
			children = (
				7398B08B1C2605A1000ED3FD /* LICENSE */,
				7398B08C1C2605A1000ED3FD /* README.md */,
				7398B06F1C26022A000ED3FD /* Cartfile */,
				7398B0761C260480000ED3FD /* Cartfile.resolved */,
				73A125D51C2A067600E4E928 /* ReduxKitRxSwift.podspec */,
				7398B00D1C25FEF5000ED3FD /* ReduxKitRxSwift */,
				7398B0191C25FEF5000ED3FD /* ReduxKitRxSwiftTests */,
				7398B0851C26051D000ED3FD /* Dependencies iOS */,
				7398B0831C2604C6000ED3FD /* Dependencies Mac */,
				7398B0841C260512000ED3FD /* Dependencies tvOS */,
				7398B0861C26053C000ED3FD /* Dependencies watchOS */,
				7398B00C1C25FEF5000ED3FD /* Products */,
			);
			sourceTree = "<group>";
		};
		7398B00C1C25FEF5000ED3FD /* Products */ = {
			isa = PBXGroup;
			children = (
				7398B00B1C25FEF5000ED3FD /* ReduxKitRxSwift.framework */,
				7398B0151C25FEF5000ED3FD /* ReduxKitRxSwiftTests.xctest */,
				7398B02A1C25FF1F000ED3FD /* ReduxKitRxSwift.framework */,
				7398B0371C25FF34000ED3FD /* ReduxKitRxSwift.framework */,
				7398B0401C25FF34000ED3FD /* ReduxKitRxSwiftTests.xctest */,
				7398B0531C25FF4B000ED3FD /* ReduxKitRxSwift.framework */,
				7398B05C1C25FF4B000ED3FD /* ReduxKitRxSwiftTests.xctest */,
			);
			name = Products;
			sourceTree = "<group>";
		};
		7398B00D1C25FEF5000ED3FD /* ReduxKitRxSwift */ = {
			isa = PBXGroup;
			children = (
				7398B00E1C25FEF5000ED3FD /* ReduxKitRxSwift.h */,
				7398B0101C25FEF5000ED3FD /* Info.plist */,
				73EF72FB1C2F4F4E00F5E57D /* createStore.swift */,
				73A125DA1C2A187400E4E928 /* ObservableAction.swift */,
				73A125DF1C2A196600E4E928 /* observableMiddleware.swift */,
				73E485A31C2F7CA000462A12 /* ReduxRxDisposable.swift */,
				73E4859E1C2F7BE000462A12 /* setupStoreBacking.swift */,
				73E485991C2F7BAD00462A12 /* Store+init.swift */,
			);
			path = ReduxKitRxSwift;
			sourceTree = "<group>";
		};
		7398B0191C25FEF5000ED3FD /* ReduxKitRxSwiftTests */ = {
			isa = PBXGroup;
			children = (
				7398B01C1C25FEF5000ED3FD /* Info.plist */,
				7398B0911C260749000ED3FD /* Mocks.swift */,
				73A125D61C2A149900E4E928 /* ObservableMiddlewareTests.swift */,
				7398B01A1C25FEF5000ED3FD /* ReduxKitRxSwiftTests.swift */,
			);
			path = ReduxKitRxSwiftTests;
			sourceTree = "<group>";
		};
		7398B0831C2604C6000ED3FD /* Dependencies Mac */ = {
			isa = PBXGroup;
			children = (
				7398B07F1C2604B3000ED3FD /* ReduxKit.framework */,
				7398B0801C2604B3000ED3FD /* RxSwift.framework */,
			);
			name = "Dependencies Mac";
			sourceTree = "<group>";
		};
		7398B0841C260512000ED3FD /* Dependencies tvOS */ = {
			isa = PBXGroup;
			children = (
				7398B07B1C2604A1000ED3FD /* ReduxKit.framework */,
				7398B07C1C2604A1000ED3FD /* RxSwift.framework */,
			);
			name = "Dependencies tvOS";
			sourceTree = "<group>";
		};
		7398B0851C26051D000ED3FD /* Dependencies iOS */ = {
			isa = PBXGroup;
			children = (
				7398B0771C260489000ED3FD /* ReduxKit.framework */,
				7398B0781C260489000ED3FD /* RxSwift.framework */,
			);
			name = "Dependencies iOS";
			sourceTree = "<group>";
		};
		7398B0861C26053C000ED3FD /* Dependencies watchOS */ = {
			isa = PBXGroup;
			children = (
				7398B0871C26057A000ED3FD /* ReduxKit.framework */,
				7398B0881C26057A000ED3FD /* RxSwift.framework */,
			);
			name = "Dependencies watchOS";
			sourceTree = "<group>";
		};
/* End PBXGroup section */

/* Begin PBXHeadersBuildPhase section */
		7398B0081C25FEF5000ED3FD /* Headers */ = {
			isa = PBXHeadersBuildPhase;
			buildActionMask = 2147483647;
			files = (
				7398B00F1C25FEF5000ED3FD /* ReduxKitRxSwift.h in Headers */,
			);
			runOnlyForDeploymentPostprocessing = 0;
		};
		7398B0271C25FF1F000ED3FD /* Headers */ = {
			isa = PBXHeadersBuildPhase;
			buildActionMask = 2147483647;
			files = (
			);
			runOnlyForDeploymentPostprocessing = 0;
		};
		7398B0341C25FF34000ED3FD /* Headers */ = {
			isa = PBXHeadersBuildPhase;
			buildActionMask = 2147483647;
			files = (
			);
			runOnlyForDeploymentPostprocessing = 0;
		};
		7398B0501C25FF4B000ED3FD /* Headers */ = {
			isa = PBXHeadersBuildPhase;
			buildActionMask = 2147483647;
			files = (
			);
			runOnlyForDeploymentPostprocessing = 0;
		};
/* End PBXHeadersBuildPhase section */

/* Begin PBXNativeTarget section */
		7398B00A1C25FEF5000ED3FD /* ReduxKitRxSwift-iOS */ = {
			isa = PBXNativeTarget;
			buildConfigurationList = 7398B01F1C25FEF5000ED3FD /* Build configuration list for PBXNativeTarget "ReduxKitRxSwift-iOS" */;
			buildPhases = (
				7398B0061C25FEF5000ED3FD /* Sources */,
				7398B0071C25FEF5000ED3FD /* Frameworks */,
				7398B0081C25FEF5000ED3FD /* Headers */,
				7398B0091C25FEF5000ED3FD /* Resources */,
				7398B0981C261059000ED3FD /* ShellScript */,
				73FDC45D1C2FB377006AB4EC /* ShellScript */,
			);
			buildRules = (
			);
			dependencies = (
			);
			name = "ReduxKitRxSwift-iOS";
			productName = ReduxKitRxSwift;
			productReference = 7398B00B1C25FEF5000ED3FD /* ReduxKitRxSwift.framework */;
			productType = "com.apple.product-type.framework";
		};
		7398B0141C25FEF5000ED3FD /* ReduxKitRxSwift-iOSTests */ = {
			isa = PBXNativeTarget;
			buildConfigurationList = 7398B0221C25FEF5000ED3FD /* Build configuration list for PBXNativeTarget "ReduxKitRxSwift-iOSTests" */;
			buildPhases = (
				7398B0111C25FEF5000ED3FD /* Sources */,
				7398B0121C25FEF5000ED3FD /* Frameworks */,
				7398B0131C25FEF5000ED3FD /* Resources */,
				7398B0991C26107E000ED3FD /* ShellScript */,
			);
			buildRules = (
			);
			dependencies = (
				7398B0181C25FEF5000ED3FD /* PBXTargetDependency */,
			);
			name = "ReduxKitRxSwift-iOSTests";
			productName = ReduxKitRxSwiftTests;
			productReference = 7398B0151C25FEF5000ED3FD /* ReduxKitRxSwiftTests.xctest */;
			productType = "com.apple.product-type.bundle.unit-test";
		};
		7398B0291C25FF1F000ED3FD /* ReduxKitRxSwift-watchOS */ = {
			isa = PBXNativeTarget;
			buildConfigurationList = 7398B02F1C25FF1F000ED3FD /* Build configuration list for PBXNativeTarget "ReduxKitRxSwift-watchOS" */;
			buildPhases = (
				7398B0251C25FF1F000ED3FD /* Sources */,
				7398B0261C25FF1F000ED3FD /* Frameworks */,
				7398B0271C25FF1F000ED3FD /* Headers */,
				7398B0281C25FF1F000ED3FD /* Resources */,
				7398B09A1C261090000ED3FD /* ShellScript */,
				73FDC45F1C2FB38C006AB4EC /* ShellScript */,
			);
			buildRules = (
			);
			dependencies = (
			);
			name = "ReduxKitRxSwift-watchOS";
			productName = ReduxKitRxSwift;
			productReference = 7398B02A1C25FF1F000ED3FD /* ReduxKitRxSwift.framework */;
			productType = "com.apple.product-type.framework";
		};
		7398B0361C25FF34000ED3FD /* ReduxKitRxSwift-tvOS */ = {
			isa = PBXNativeTarget;
			buildConfigurationList = 7398B0481C25FF34000ED3FD /* Build configuration list for PBXNativeTarget "ReduxKitRxSwift-tvOS" */;
			buildPhases = (
				7398B0321C25FF34000ED3FD /* Sources */,
				7398B0331C25FF34000ED3FD /* Frameworks */,
				7398B0341C25FF34000ED3FD /* Headers */,
				7398B0351C25FF34000ED3FD /* Resources */,
				7398B09B1C2610AB000ED3FD /* ShellScript */,
				73FDC45E1C2FB384006AB4EC /* ShellScript */,
			);
			buildRules = (
			);
			dependencies = (
			);
			name = "ReduxKitRxSwift-tvOS";
			productName = ReduxKitRxSwift;
			productReference = 7398B0371C25FF34000ED3FD /* ReduxKitRxSwift.framework */;
			productType = "com.apple.product-type.framework";
		};
		7398B03F1C25FF34000ED3FD /* ReduxKitRxSwift-tvOSTests */ = {
			isa = PBXNativeTarget;
			buildConfigurationList = 7398B04B1C25FF34000ED3FD /* Build configuration list for PBXNativeTarget "ReduxKitRxSwift-tvOSTests" */;
			buildPhases = (
				7398B03C1C25FF34000ED3FD /* Sources */,
				7398B03D1C25FF34000ED3FD /* Frameworks */,
				7398B03E1C25FF34000ED3FD /* Resources */,
				7398B09C1C2610C2000ED3FD /* ShellScript */,
			);
			buildRules = (
			);
			dependencies = (
				7398B0431C25FF34000ED3FD /* PBXTargetDependency */,
			);
			name = "ReduxKitRxSwift-tvOSTests";
			productName = ReduxKitRxSwiftTests;
			productReference = 7398B0401C25FF34000ED3FD /* ReduxKitRxSwiftTests.xctest */;
			productType = "com.apple.product-type.bundle.unit-test";
		};
		7398B0521C25FF4B000ED3FD /* ReduxKitRxSwift-Mac */ = {
			isa = PBXNativeTarget;
			buildConfigurationList = 7398B0641C25FF4B000ED3FD /* Build configuration list for PBXNativeTarget "ReduxKitRxSwift-Mac" */;
			buildPhases = (
				7398B04E1C25FF4B000ED3FD /* Sources */,
				7398B04F1C25FF4B000ED3FD /* Frameworks */,
				7398B0501C25FF4B000ED3FD /* Headers */,
				7398B0511C25FF4B000ED3FD /* Resources */,
				7398B08D1C260619000ED3FD /* ShellScript */,
				73E485A91C2FA1D000462A12 /* ShellScript */,
			);
			buildRules = (
			);
			dependencies = (
			);
			name = "ReduxKitRxSwift-Mac";
			productName = ReduxKitRxSwift;
			productReference = 7398B0531C25FF4B000ED3FD /* ReduxKitRxSwift.framework */;
			productType = "com.apple.product-type.framework";
		};
		7398B05B1C25FF4B000ED3FD /* ReduxKitRxSwift-MacTests */ = {
			isa = PBXNativeTarget;
			buildConfigurationList = 7398B0671C25FF4B000ED3FD /* Build configuration list for PBXNativeTarget "ReduxKitRxSwift-MacTests" */;
			buildPhases = (
				7398B0581C25FF4B000ED3FD /* Sources */,
				7398B0591C25FF4B000ED3FD /* Frameworks */,
				7398B05A1C25FF4B000ED3FD /* Resources */,
				7398B08E1C260678000ED3FD /* ShellScript */,
			);
			buildRules = (
			);
			dependencies = (
				7398B05F1C25FF4B000ED3FD /* PBXTargetDependency */,
			);
			name = "ReduxKitRxSwift-MacTests";
			productName = ReduxKitRxSwiftTests;
			productReference = 7398B05C1C25FF4B000ED3FD /* ReduxKitRxSwiftTests.xctest */;
			productType = "com.apple.product-type.bundle.unit-test";
		};
/* End PBXNativeTarget section */

/* Begin PBXProject section */
		7398B0021C25FEF5000ED3FD /* Project object */ = {
			isa = PBXProject;
			attributes = {
				LastSwiftUpdateCheck = 0720;
				LastUpgradeCheck = 0720;
				ORGANIZATIONNAME = Redux;
				TargetAttributes = {
					7398B00A1C25FEF5000ED3FD = {
						CreatedOnToolsVersion = 7.2;
					};
					7398B0141C25FEF5000ED3FD = {
						CreatedOnToolsVersion = 7.2;
					};
					7398B0291C25FF1F000ED3FD = {
						CreatedOnToolsVersion = 7.2;
					};
					7398B0361C25FF34000ED3FD = {
						CreatedOnToolsVersion = 7.2;
					};
					7398B03F1C25FF34000ED3FD = {
						CreatedOnToolsVersion = 7.2;
					};
					7398B0521C25FF4B000ED3FD = {
						CreatedOnToolsVersion = 7.2;
					};
					7398B05B1C25FF4B000ED3FD = {
						CreatedOnToolsVersion = 7.2;
					};
				};
			};
			buildConfigurationList = 7398B0051C25FEF5000ED3FD /* Build configuration list for PBXProject "ReduxKitRxSwift" */;
			compatibilityVersion = "Xcode 3.2";
			developmentRegion = English;
			hasScannedForEncodings = 0;
			knownRegions = (
				en,
			);
			mainGroup = 7398B0011C25FEF5000ED3FD;
			productRefGroup = 7398B00C1C25FEF5000ED3FD /* Products */;
			projectDirPath = "";
			projectRoot = "";
			targets = (
				7398B00A1C25FEF5000ED3FD /* ReduxKitRxSwift-iOS */,
				7398B0141C25FEF5000ED3FD /* ReduxKitRxSwift-iOSTests */,
				7398B0521C25FF4B000ED3FD /* ReduxKitRxSwift-Mac */,
				7398B05B1C25FF4B000ED3FD /* ReduxKitRxSwift-MacTests */,
				7398B0361C25FF34000ED3FD /* ReduxKitRxSwift-tvOS */,
				7398B03F1C25FF34000ED3FD /* ReduxKitRxSwift-tvOSTests */,
				7398B0291C25FF1F000ED3FD /* ReduxKitRxSwift-watchOS */,
			);
		};
/* End PBXProject section */

/* Begin PBXResourcesBuildPhase section */
		7398B0091C25FEF5000ED3FD /* Resources */ = {
			isa = PBXResourcesBuildPhase;
			buildActionMask = 2147483647;
			files = (
			);
			runOnlyForDeploymentPostprocessing = 0;
		};
		7398B0131C25FEF5000ED3FD /* Resources */ = {
			isa = PBXResourcesBuildPhase;
			buildActionMask = 2147483647;
			files = (
			);
			runOnlyForDeploymentPostprocessing = 0;
		};
		7398B0281C25FF1F000ED3FD /* Resources */ = {
			isa = PBXResourcesBuildPhase;
			buildActionMask = 2147483647;
			files = (
			);
			runOnlyForDeploymentPostprocessing = 0;
		};
		7398B0351C25FF34000ED3FD /* Resources */ = {
			isa = PBXResourcesBuildPhase;
			buildActionMask = 2147483647;
			files = (
			);
			runOnlyForDeploymentPostprocessing = 0;
		};
		7398B03E1C25FF34000ED3FD /* Resources */ = {
			isa = PBXResourcesBuildPhase;
			buildActionMask = 2147483647;
			files = (
			);
			runOnlyForDeploymentPostprocessing = 0;
		};
		7398B0511C25FF4B000ED3FD /* Resources */ = {
			isa = PBXResourcesBuildPhase;
			buildActionMask = 2147483647;
			files = (
			);
			runOnlyForDeploymentPostprocessing = 0;
		};
		7398B05A1C25FF4B000ED3FD /* Resources */ = {
			isa = PBXResourcesBuildPhase;
			buildActionMask = 2147483647;
			files = (
			);
			runOnlyForDeploymentPostprocessing = 0;
		};
/* End PBXResourcesBuildPhase section */

/* Begin PBXShellScriptBuildPhase section */
		7398B08D1C260619000ED3FD /* ShellScript */ = {
			isa = PBXShellScriptBuildPhase;
			buildActionMask = 2147483647;
			files = (
			);
			inputPaths = (
				"$(SRCROOT)/Carthage/Build/Mac/ReduxKit.framework",
				"$(SRCROOT)/Carthage/Build/Mac/RxSwift.framework",
			);
			outputPaths = (
			);
			runOnlyForDeploymentPostprocessing = 0;
			shellPath = /bin/sh;
			shellScript = "/usr/local/bin/carthage copy-frameworks";
		};
		7398B08E1C260678000ED3FD /* ShellScript */ = {
			isa = PBXShellScriptBuildPhase;
			buildActionMask = 2147483647;
			files = (
			);
			inputPaths = (
				"$(SRCROOT)/Carthage/Build/Mac/ReduxKit.framework",
				"$(SRCROOT)/Carthage/Build/Mac/RxSwift.framework",
			);
			outputPaths = (
			);
			runOnlyForDeploymentPostprocessing = 0;
			shellPath = /bin/sh;
			shellScript = "/usr/local/bin/carthage copy-frameworks";
		};
		7398B0981C261059000ED3FD /* ShellScript */ = {
			isa = PBXShellScriptBuildPhase;
			buildActionMask = 2147483647;
			files = (
			);
			inputPaths = (
				"$(SRCROOT)/Carthage/Build/iOS/ReduxKit.framework",
				"$(SRCROOT)/Carthage/Build/iOS/RxSwift.framework",
			);
			outputPaths = (
			);
			runOnlyForDeploymentPostprocessing = 0;
			shellPath = /bin/sh;
			shellScript = "/usr/local/bin/carthage copy-frameworks";
		};
		7398B0991C26107E000ED3FD /* ShellScript */ = {
			isa = PBXShellScriptBuildPhase;
			buildActionMask = 2147483647;
			files = (
			);
			inputPaths = (
				"$(SRCROOT)/Carthage/Build/iOS/ReduxKit.framework",
				"$(SRCROOT)/Carthage/Build/iOS/RxSwift.framework",
			);
			outputPaths = (
			);
			runOnlyForDeploymentPostprocessing = 0;
			shellPath = /bin/sh;
			shellScript = "/usr/local/bin/carthage copy-frameworks";
		};
		7398B09A1C261090000ED3FD /* ShellScript */ = {
			isa = PBXShellScriptBuildPhase;
			buildActionMask = 2147483647;
			files = (
			);
			inputPaths = (
				"$(SRCROOT)/Carthage/Build/watchOS/ReduxKit.framework",
				"$(SRCROOT)/Carthage/Build/watchOS/RxSwift.framework",
			);
			outputPaths = (
			);
			runOnlyForDeploymentPostprocessing = 0;
			shellPath = /bin/sh;
			shellScript = "/usr/local/bin/carthage copy-frameworks";
		};
		7398B09B1C2610AB000ED3FD /* ShellScript */ = {
			isa = PBXShellScriptBuildPhase;
			buildActionMask = 2147483647;
			files = (
			);
			inputPaths = (
				"$(SRCROOT)/Carthage/Build/tvOS/ReduxKit.framework",
				"$(SRCROOT)/Carthage/Build/tvOS/RxSwift.framework",
			);
			outputPaths = (
			);
			runOnlyForDeploymentPostprocessing = 0;
			shellPath = /bin/sh;
			shellScript = "/usr/local/bin/carthage copy-frameworks";
		};
		7398B09C1C2610C2000ED3FD /* ShellScript */ = {
			isa = PBXShellScriptBuildPhase;
			buildActionMask = 2147483647;
			files = (
			);
			inputPaths = (
				"$(SRCROOT)/Carthage/Build/tvOS/ReduxKit.framework",
				"$(SRCROOT)/Carthage/Build/tvOS/RxSwift.framework",
			);
			outputPaths = (
			);
			runOnlyForDeploymentPostprocessing = 0;
			shellPath = /bin/sh;
			shellScript = "/usr/local/bin/carthage copy-frameworks";
		};
		73E485A91C2FA1D000462A12 /* ShellScript */ = {
			isa = PBXShellScriptBuildPhase;
			buildActionMask = 2147483647;
			files = (
			);
			inputPaths = (
			);
			outputPaths = (
			);
			runOnlyForDeploymentPostprocessing = 0;
			shellPath = /bin/sh;
			shellScript = "if which swiftlint >/dev/null; then\n    swiftlint\nelse\n    echo \"SwiftLint does not exist, download from https://github.com/realm/SwiftLint\"\nfi";
		};
		73FDC45D1C2FB377006AB4EC /* ShellScript */ = {
			isa = PBXShellScriptBuildPhase;
			buildActionMask = 2147483647;
			files = (
			);
			inputPaths = (
			);
			outputPaths = (
			);
			runOnlyForDeploymentPostprocessing = 0;
			shellPath = /bin/sh;
			shellScript = "if which swiftlint >/dev/null; then\n    swiftlint\nelse\n    echo \"SwiftLint does not exist, download from https://github.com/realm/SwiftLint\"\nfi";
		};
		73FDC45E1C2FB384006AB4EC /* ShellScript */ = {
			isa = PBXShellScriptBuildPhase;
			buildActionMask = 2147483647;
			files = (
			);
			inputPaths = (
			);
			outputPaths = (
			);
			runOnlyForDeploymentPostprocessing = 0;
			shellPath = /bin/sh;
			shellScript = "if which swiftlint >/dev/null; then\n    swiftlint\nelse\n    echo \"SwiftLint does not exist, download from https://github.com/realm/SwiftLint\"\nfi";
		};
		73FDC45F1C2FB38C006AB4EC /* ShellScript */ = {
			isa = PBXShellScriptBuildPhase;
			buildActionMask = 2147483647;
			files = (
			);
			inputPaths = (
			);
			outputPaths = (
			);
			runOnlyForDeploymentPostprocessing = 0;
			shellPath = /bin/sh;
			shellScript = "if which swiftlint >/dev/null; then\n    swiftlint\nelse\n    echo \"SwiftLint does not exist, download from https://github.com/realm/SwiftLint\"\nfi";
		};
/* End PBXShellScriptBuildPhase section */

/* Begin PBXSourcesBuildPhase section */
		7398B0061C25FEF5000ED3FD /* Sources */ = {
			isa = PBXSourcesBuildPhase;
			buildActionMask = 2147483647;
			files = (
				73E4859A1C2F7BAD00462A12 /* Store+init.swift in Sources */,
				73A125DB1C2A187400E4E928 /* ObservableAction.swift in Sources */,
				73E485A41C2F7CA000462A12 /* ReduxRxDisposable.swift in Sources */,
				73EF72FC1C2F4F4E00F5E57D /* createStore.swift in Sources */,
				73A125E01C2A196600E4E928 /* observableMiddleware.swift in Sources */,
				73E4859F1C2F7BE000462A12 /* setupStoreBacking.swift in Sources */,
			);
			runOnlyForDeploymentPostprocessing = 0;
		};
		7398B0111C25FEF5000ED3FD /* Sources */ = {
			isa = PBXSourcesBuildPhase;
			buildActionMask = 2147483647;
			files = (
				7398B0971C261016000ED3FD /* ReduxKitRxSwiftTests.swift in Sources */,
				73A125D71C2A149900E4E928 /* ObservableMiddlewareTests.swift in Sources */,
				7398B0931C26074E000ED3FD /* Mocks.swift in Sources */,
			);
			runOnlyForDeploymentPostprocessing = 0;
		};
		7398B0251C25FF1F000ED3FD /* Sources */ = {
			isa = PBXSourcesBuildPhase;
			buildActionMask = 2147483647;
			files = (
				73E4859D1C2F7BAD00462A12 /* Store+init.swift in Sources */,
				73A125DE1C2A187400E4E928 /* ObservableAction.swift in Sources */,
				73E485A71C2F7CA000462A12 /* ReduxRxDisposable.swift in Sources */,
				73EF72FF1C2F515800F5E57D /* createStore.swift in Sources */,
				73A125E31C2A196600E4E928 /* observableMiddleware.swift in Sources */,
				73E485A21C2F7BE000462A12 /* setupStoreBacking.swift in Sources */,
			);
			runOnlyForDeploymentPostprocessing = 0;
		};
		7398B0321C25FF34000ED3FD /* Sources */ = {
			isa = PBXSourcesBuildPhase;
			buildActionMask = 2147483647;
			files = (
				73E4859C1C2F7BAD00462A12 /* Store+init.swift in Sources */,
				73A125DD1C2A187400E4E928 /* ObservableAction.swift in Sources */,
				73E485A61C2F7CA000462A12 /* ReduxRxDisposable.swift in Sources */,
				73EF72FE1C2F515700F5E57D /* createStore.swift in Sources */,
				73A125E21C2A196600E4E928 /* observableMiddleware.swift in Sources */,
				73E485A11C2F7BE000462A12 /* setupStoreBacking.swift in Sources */,
			);
			runOnlyForDeploymentPostprocessing = 0;
		};
		7398B03C1C25FF34000ED3FD /* Sources */ = {
			isa = PBXSourcesBuildPhase;
			buildActionMask = 2147483647;
			files = (
				7398B0961C261015000ED3FD /* ReduxKitRxSwiftTests.swift in Sources */,
				73A125D91C2A149900E4E928 /* ObservableMiddlewareTests.swift in Sources */,
				7398B0941C26074F000ED3FD /* Mocks.swift in Sources */,
			);
			runOnlyForDeploymentPostprocessing = 0;
		};
		7398B04E1C25FF4B000ED3FD /* Sources */ = {
			isa = PBXSourcesBuildPhase;
			buildActionMask = 2147483647;
			files = (
				73E4859B1C2F7BAD00462A12 /* Store+init.swift in Sources */,
				73A125DC1C2A187400E4E928 /* ObservableAction.swift in Sources */,
				73E485A51C2F7CA000462A12 /* ReduxRxDisposable.swift in Sources */,
				73EF72FD1C2F515600F5E57D /* createStore.swift in Sources */,
				73A125E11C2A196600E4E928 /* observableMiddleware.swift in Sources */,
				73E485A01C2F7BE000462A12 /* setupStoreBacking.swift in Sources */,
			);
			runOnlyForDeploymentPostprocessing = 0;
		};
		7398B0581C25FF4B000ED3FD /* Sources */ = {
			isa = PBXSourcesBuildPhase;
			buildActionMask = 2147483647;
			files = (
				7398B0741C2602BF000ED3FD /* ReduxKitRxSwiftTests.swift in Sources */,
				73A125D81C2A149900E4E928 /* ObservableMiddlewareTests.swift in Sources */,
				7398B0951C260751000ED3FD /* Mocks.swift in Sources */,
			);
			runOnlyForDeploymentPostprocessing = 0;
		};
/* End PBXSourcesBuildPhase section */

/* Begin PBXTargetDependency section */
		7398B0181C25FEF5000ED3FD /* PBXTargetDependency */ = {
			isa = PBXTargetDependency;
			target = 7398B00A1C25FEF5000ED3FD /* ReduxKitRxSwift-iOS */;
			targetProxy = 7398B0171C25FEF5000ED3FD /* PBXContainerItemProxy */;
		};
		7398B0431C25FF34000ED3FD /* PBXTargetDependency */ = {
			isa = PBXTargetDependency;
			target = 7398B0361C25FF34000ED3FD /* ReduxKitRxSwift-tvOS */;
			targetProxy = 7398B0421C25FF34000ED3FD /* PBXContainerItemProxy */;
		};
		7398B05F1C25FF4B000ED3FD /* PBXTargetDependency */ = {
			isa = PBXTargetDependency;
			target = 7398B0521C25FF4B000ED3FD /* ReduxKitRxSwift-Mac */;
			targetProxy = 7398B05E1C25FF4B000ED3FD /* PBXContainerItemProxy */;
		};
/* End PBXTargetDependency section */

/* Begin XCBuildConfiguration section */
		7398B01D1C25FEF5000ED3FD /* Debug */ = {
			isa = XCBuildConfiguration;
			buildSettings = {
				ALWAYS_SEARCH_USER_PATHS = NO;
				CLANG_CXX_LANGUAGE_STANDARD = "gnu++0x";
				CLANG_CXX_LIBRARY = "libc++";
				CLANG_ENABLE_MODULES = YES;
				CLANG_ENABLE_OBJC_ARC = YES;
				CLANG_WARN_BOOL_CONVERSION = YES;
				CLANG_WARN_CONSTANT_CONVERSION = YES;
				CLANG_WARN_DIRECT_OBJC_ISA_USAGE = YES_ERROR;
				CLANG_WARN_DOCUMENTATION_COMMENTS = YES;
				CLANG_WARN_EMPTY_BODY = YES;
				CLANG_WARN_ENUM_CONVERSION = YES;
				CLANG_WARN_INT_CONVERSION = YES;
				CLANG_WARN_OBJC_ROOT_CLASS = YES_ERROR;
				CLANG_WARN_UNREACHABLE_CODE = YES;
				CLANG_WARN__DUPLICATE_METHOD_MATCH = YES;
				"CODE_SIGN_IDENTITY[sdk=iphoneos*]" = "iPhone Developer";
				COPY_PHASE_STRIP = NO;
				CURRENT_PROJECT_VERSION = 1;
				DEBUG_INFORMATION_FORMAT = dwarf;
				ENABLE_STRICT_OBJC_MSGSEND = YES;
				ENABLE_TESTABILITY = YES;
				GCC_C_LANGUAGE_STANDARD = gnu99;
				GCC_DYNAMIC_NO_PIC = NO;
				GCC_NO_COMMON_BLOCKS = YES;
				GCC_OPTIMIZATION_LEVEL = 0;
				GCC_PREPROCESSOR_DEFINITIONS = (
					"DEBUG=1",
					"$(inherited)",
				);
				GCC_WARN_64_TO_32_BIT_CONVERSION = YES;
				GCC_WARN_ABOUT_RETURN_TYPE = YES_ERROR;
				GCC_WARN_UNDECLARED_SELECTOR = YES;
				GCC_WARN_UNINITIALIZED_AUTOS = YES_AGGRESSIVE;
				GCC_WARN_UNUSED_FUNCTION = YES;
				GCC_WARN_UNUSED_VARIABLE = YES;
				IPHONEOS_DEPLOYMENT_TARGET = 8.0;
				MACOSX_DEPLOYMENT_TARGET = 10.10;
				MTL_ENABLE_DEBUG_INFO = YES;
				ONLY_ACTIVE_ARCH = YES;
				PRODUCT_BUNDLE_IDENTIFIER = ReduxKit.ReduxKitRxSwift;
				PRODUCT_NAME = ReduxKitRxSwift;
				SDKROOT = iphoneos;
				SWIFT_OPTIMIZATION_LEVEL = "-Onone";
				TARGETED_DEVICE_FAMILY = "1,2";
				TVOS_DEPLOYMENT_TARGET = 9.0;
				VERSIONING_SYSTEM = "apple-generic";
				VERSION_INFO_PREFIX = "";
				WATCHOS_DEPLOYMENT_TARGET = 2.1;
			};
			name = Debug;
		};
		7398B01E1C25FEF5000ED3FD /* Release */ = {
			isa = XCBuildConfiguration;
			buildSettings = {
				ALWAYS_SEARCH_USER_PATHS = NO;
				CLANG_CXX_LANGUAGE_STANDARD = "gnu++0x";
				CLANG_CXX_LIBRARY = "libc++";
				CLANG_ENABLE_MODULES = YES;
				CLANG_ENABLE_OBJC_ARC = YES;
				CLANG_WARN_BOOL_CONVERSION = YES;
				CLANG_WARN_CONSTANT_CONVERSION = YES;
				CLANG_WARN_DIRECT_OBJC_ISA_USAGE = YES_ERROR;
				CLANG_WARN_DOCUMENTATION_COMMENTS = YES;
				CLANG_WARN_EMPTY_BODY = YES;
				CLANG_WARN_ENUM_CONVERSION = YES;
				CLANG_WARN_INT_CONVERSION = YES;
				CLANG_WARN_OBJC_ROOT_CLASS = YES_ERROR;
				CLANG_WARN_UNREACHABLE_CODE = YES;
				CLANG_WARN__DUPLICATE_METHOD_MATCH = YES;
				"CODE_SIGN_IDENTITY[sdk=iphoneos*]" = "iPhone Developer";
				COPY_PHASE_STRIP = NO;
				CURRENT_PROJECT_VERSION = 1;
				DEBUG_INFORMATION_FORMAT = "dwarf-with-dsym";
				ENABLE_NS_ASSERTIONS = NO;
				ENABLE_STRICT_OBJC_MSGSEND = YES;
				GCC_C_LANGUAGE_STANDARD = gnu99;
				GCC_NO_COMMON_BLOCKS = YES;
				GCC_WARN_64_TO_32_BIT_CONVERSION = YES;
				GCC_WARN_ABOUT_RETURN_TYPE = YES_ERROR;
				GCC_WARN_UNDECLARED_SELECTOR = YES;
				GCC_WARN_UNINITIALIZED_AUTOS = YES_AGGRESSIVE;
				GCC_WARN_UNUSED_FUNCTION = YES;
				GCC_WARN_UNUSED_VARIABLE = YES;
				IPHONEOS_DEPLOYMENT_TARGET = 8.0;
				MACOSX_DEPLOYMENT_TARGET = 10.10;
				MTL_ENABLE_DEBUG_INFO = NO;
				PRODUCT_BUNDLE_IDENTIFIER = ReduxKit.ReduxKitRxSwift;
				PRODUCT_NAME = ReduxKitRxSwift;
				SDKROOT = iphoneos;
				TARGETED_DEVICE_FAMILY = "1,2";
				TVOS_DEPLOYMENT_TARGET = 9.0;
				VALIDATE_PRODUCT = YES;
				VERSIONING_SYSTEM = "apple-generic";
				VERSION_INFO_PREFIX = "";
				WATCHOS_DEPLOYMENT_TARGET = 2.1;
			};
			name = Release;
		};
		7398B0201C25FEF5000ED3FD /* Debug */ = {
			isa = XCBuildConfiguration;
			buildSettings = {
				CLANG_ENABLE_MODULES = YES;
				DEFINES_MODULE = YES;
				DYLIB_COMPATIBILITY_VERSION = 1;
				DYLIB_CURRENT_VERSION = 1;
				DYLIB_INSTALL_NAME_BASE = "@rpath";
				FRAMEWORK_SEARCH_PATHS = (
					"$(inherited)",
					"$(PROJECT_DIR)/Carthage/Build/iOS",
				);
				INFOPLIST_FILE = ReduxKitRxSwift/Info.plist;
				INSTALL_PATH = "$(LOCAL_LIBRARY_DIR)/Frameworks";
				LD_RUNPATH_SEARCH_PATHS = "$(inherited) @executable_path/Frameworks @loader_path/Frameworks";
				SKIP_INSTALL = YES;
				SWIFT_OPTIMIZATION_LEVEL = "-Onone";
			};
			name = Debug;
		};
		7398B0211C25FEF5000ED3FD /* Release */ = {
			isa = XCBuildConfiguration;
			buildSettings = {
				CLANG_ENABLE_MODULES = YES;
				DEFINES_MODULE = YES;
				DYLIB_COMPATIBILITY_VERSION = 1;
				DYLIB_CURRENT_VERSION = 1;
				DYLIB_INSTALL_NAME_BASE = "@rpath";
				FRAMEWORK_SEARCH_PATHS = (
					"$(inherited)",
					"$(PROJECT_DIR)/Carthage/Build/iOS",
				);
				INFOPLIST_FILE = ReduxKitRxSwift/Info.plist;
				INSTALL_PATH = "$(LOCAL_LIBRARY_DIR)/Frameworks";
				LD_RUNPATH_SEARCH_PATHS = "$(inherited) @executable_path/Frameworks @loader_path/Frameworks";
				SKIP_INSTALL = YES;
			};
			name = Release;
		};
		7398B0231C25FEF5000ED3FD /* Debug */ = {
			isa = XCBuildConfiguration;
			buildSettings = {
				FRAMEWORK_SEARCH_PATHS = (
					"$(inherited)",
					"$(PROJECT_DIR)/Carthage/Build/iOS",
				);
				INFOPLIST_FILE = ReduxKitRxSwiftTests/Info.plist;
				LD_RUNPATH_SEARCH_PATHS = "$(inherited) @executable_path/Frameworks @loader_path/Frameworks";
				PRODUCT_BUNDLE_IDENTIFIER = ReduxKit.ReduxKitRxSwiftTests;
				PRODUCT_NAME = ReduxKitRxSwiftTests;
			};
			name = Debug;
		};
		7398B0241C25FEF5000ED3FD /* Release */ = {
			isa = XCBuildConfiguration;
			buildSettings = {
				FRAMEWORK_SEARCH_PATHS = (
					"$(inherited)",
					"$(PROJECT_DIR)/Carthage/Build/iOS",
				);
				INFOPLIST_FILE = ReduxKitRxSwiftTests/Info.plist;
				LD_RUNPATH_SEARCH_PATHS = "$(inherited) @executable_path/Frameworks @loader_path/Frameworks";
				PRODUCT_BUNDLE_IDENTIFIER = ReduxKit.ReduxKitRxSwiftTests;
				PRODUCT_NAME = ReduxKitRxSwiftTests;
			};
			name = Release;
		};
		7398B0301C25FF1F000ED3FD /* Debug */ = {
			isa = XCBuildConfiguration;
			buildSettings = {
				APPLICATION_EXTENSION_API_ONLY = YES;
				CLANG_ENABLE_MODULES = YES;
				DEFINES_MODULE = YES;
				DYLIB_COMPATIBILITY_VERSION = 1;
				DYLIB_CURRENT_VERSION = 1;
				DYLIB_INSTALL_NAME_BASE = "@rpath";
				FRAMEWORK_SEARCH_PATHS = (
					"$(inherited)",
					"$(PROJECT_DIR)/Carthage/Build/watchOS",
				);
				INFOPLIST_FILE = ReduxKitRxSwift/Info.plist;
				INSTALL_PATH = "$(LOCAL_LIBRARY_DIR)/Frameworks";
				LD_RUNPATH_SEARCH_PATHS = "$(inherited) @executable_path/Frameworks @loader_path/Frameworks";
				SDKROOT = watchos;
				SKIP_INSTALL = YES;
				SWIFT_OPTIMIZATION_LEVEL = "-Onone";
				TARGETED_DEVICE_FAMILY = 4;
			};
			name = Debug;
		};
		7398B0311C25FF1F000ED3FD /* Release */ = {
			isa = XCBuildConfiguration;
			buildSettings = {
				APPLICATION_EXTENSION_API_ONLY = YES;
				CLANG_ENABLE_MODULES = YES;
				DEFINES_MODULE = YES;
				DYLIB_COMPATIBILITY_VERSION = 1;
				DYLIB_CURRENT_VERSION = 1;
				DYLIB_INSTALL_NAME_BASE = "@rpath";
				FRAMEWORK_SEARCH_PATHS = (
					"$(inherited)",
					"$(PROJECT_DIR)/Carthage/Build/watchOS",
				);
				INFOPLIST_FILE = ReduxKitRxSwift/Info.plist;
				INSTALL_PATH = "$(LOCAL_LIBRARY_DIR)/Frameworks";
				LD_RUNPATH_SEARCH_PATHS = "$(inherited) @executable_path/Frameworks @loader_path/Frameworks";
				SDKROOT = watchos;
				SKIP_INSTALL = YES;
				TARGETED_DEVICE_FAMILY = 4;
			};
			name = Release;
		};
		7398B0491C25FF34000ED3FD /* Debug */ = {
			isa = XCBuildConfiguration;
			buildSettings = {
				CLANG_ENABLE_MODULES = YES;
				DEFINES_MODULE = YES;
				DYLIB_COMPATIBILITY_VERSION = 1;
				DYLIB_CURRENT_VERSION = 1;
				DYLIB_INSTALL_NAME_BASE = "@rpath";
				FRAMEWORK_SEARCH_PATHS = (
					"$(inherited)",
					"$(PROJECT_DIR)/Carthage/Build/tvOS",
				);
				INFOPLIST_FILE = ReduxKitRxSwift/Info.plist;
				INSTALL_PATH = "$(LOCAL_LIBRARY_DIR)/Frameworks";
				LD_RUNPATH_SEARCH_PATHS = "$(inherited) @executable_path/Frameworks @loader_path/Frameworks";
				SDKROOT = appletvos;
				SKIP_INSTALL = YES;
				SWIFT_OPTIMIZATION_LEVEL = "-Onone";
				TARGETED_DEVICE_FAMILY = 3;
				TVOS_DEPLOYMENT_TARGET = 9.0;
			};
			name = Debug;
		};
		7398B04A1C25FF34000ED3FD /* Release */ = {
			isa = XCBuildConfiguration;
			buildSettings = {
				CLANG_ENABLE_MODULES = YES;
				DEFINES_MODULE = YES;
				DYLIB_COMPATIBILITY_VERSION = 1;
				DYLIB_CURRENT_VERSION = 1;
				DYLIB_INSTALL_NAME_BASE = "@rpath";
				FRAMEWORK_SEARCH_PATHS = (
					"$(inherited)",
					"$(PROJECT_DIR)/Carthage/Build/tvOS",
				);
				INFOPLIST_FILE = ReduxKitRxSwift/Info.plist;
				INSTALL_PATH = "$(LOCAL_LIBRARY_DIR)/Frameworks";
				LD_RUNPATH_SEARCH_PATHS = "$(inherited) @executable_path/Frameworks @loader_path/Frameworks";
				SDKROOT = appletvos;
				SKIP_INSTALL = YES;
				TARGETED_DEVICE_FAMILY = 3;
				TVOS_DEPLOYMENT_TARGET = 9.0;
			};
			name = Release;
		};
		7398B04C1C25FF34000ED3FD /* Debug */ = {
			isa = XCBuildConfiguration;
			buildSettings = {
				FRAMEWORK_SEARCH_PATHS = (
					"$(inherited)",
					"$(PROJECT_DIR)/Carthage/Build/tvOS",
				);
				INFOPLIST_FILE = ReduxKitRxSwiftTests/Info.plist;
				LD_RUNPATH_SEARCH_PATHS = "$(inherited) @executable_path/Frameworks @loader_path/Frameworks";
				PRODUCT_BUNDLE_IDENTIFIER = ReduxKit.ReduxKitRxSwiftTests;
				PRODUCT_NAME = ReduxKitRxSwiftTests;
				SDKROOT = appletvos;
			};
			name = Debug;
		};
		7398B04D1C25FF34000ED3FD /* Release */ = {
			isa = XCBuildConfiguration;
			buildSettings = {
				FRAMEWORK_SEARCH_PATHS = (
					"$(inherited)",
					"$(PROJECT_DIR)/Carthage/Build/tvOS",
				);
				INFOPLIST_FILE = ReduxKitRxSwiftTests/Info.plist;
				LD_RUNPATH_SEARCH_PATHS = "$(inherited) @executable_path/Frameworks @loader_path/Frameworks";
				PRODUCT_BUNDLE_IDENTIFIER = ReduxKit.ReduxKitRxSwiftTests;
				PRODUCT_NAME = ReduxKitRxSwiftTests;
				SDKROOT = appletvos;
			};
			name = Release;
		};
		7398B0651C25FF4B000ED3FD /* Debug */ = {
			isa = XCBuildConfiguration;
			buildSettings = {
				CLANG_ENABLE_MODULES = YES;
				CODE_SIGN_IDENTITY = "-";
				COMBINE_HIDPI_IMAGES = YES;
				DEFINES_MODULE = YES;
				DYLIB_COMPATIBILITY_VERSION = 1;
				DYLIB_CURRENT_VERSION = 1;
				DYLIB_INSTALL_NAME_BASE = "@rpath";
				FRAMEWORK_SEARCH_PATHS = (
					"$(inherited)",
					"$(PROJECT_DIR)/Carthage/Build/Mac",
				);
				INFOPLIST_FILE = ReduxKitRxSwift/Info.plist;
				INSTALL_PATH = "$(LOCAL_LIBRARY_DIR)/Frameworks";
				LD_RUNPATH_SEARCH_PATHS = "$(inherited) @executable_path/../Frameworks @loader_path/Frameworks";
				SDKROOT = macosx;
				SKIP_INSTALL = YES;
				SWIFT_OPTIMIZATION_LEVEL = "-Onone";
			};
			name = Debug;
		};
		7398B0661C25FF4B000ED3FD /* Release */ = {
			isa = XCBuildConfiguration;
			buildSettings = {
				CLANG_ENABLE_MODULES = YES;
				CODE_SIGN_IDENTITY = "-";
				COMBINE_HIDPI_IMAGES = YES;
				DEFINES_MODULE = YES;
				DYLIB_COMPATIBILITY_VERSION = 1;
				DYLIB_CURRENT_VERSION = 1;
				DYLIB_INSTALL_NAME_BASE = "@rpath";
				FRAMEWORK_SEARCH_PATHS = (
					"$(inherited)",
					"$(PROJECT_DIR)/Carthage/Build/Mac",
				);
				INFOPLIST_FILE = ReduxKitRxSwift/Info.plist;
				INSTALL_PATH = "$(LOCAL_LIBRARY_DIR)/Frameworks";
				LD_RUNPATH_SEARCH_PATHS = "$(inherited) @executable_path/../Frameworks @loader_path/Frameworks";
				SDKROOT = macosx;
				SKIP_INSTALL = YES;
			};
			name = Release;
		};
		7398B0681C25FF4B000ED3FD /* Debug */ = {
			isa = XCBuildConfiguration;
			buildSettings = {
				CODE_SIGN_IDENTITY = "-";
				COMBINE_HIDPI_IMAGES = YES;
				FRAMEWORK_SEARCH_PATHS = (
					"$(inherited)",
					"$(PROJECT_DIR)/Carthage/Build/Mac",
				);
				INFOPLIST_FILE = ReduxKitRxSwiftTests/Info.plist;
				LD_RUNPATH_SEARCH_PATHS = "$(inherited) @executable_path/../Frameworks @loader_path/../Frameworks";
				PRODUCT_BUNDLE_IDENTIFIER = ReduxKit.ReduxKitRxSwiftTests;
				PRODUCT_NAME = ReduxKitRxSwiftTests;
				SDKROOT = macosx;
			};
			name = Debug;
		};
		7398B0691C25FF4B000ED3FD /* Release */ = {
			isa = XCBuildConfiguration;
			buildSettings = {
				CODE_SIGN_IDENTITY = "-";
				COMBINE_HIDPI_IMAGES = YES;
				FRAMEWORK_SEARCH_PATHS = (
					"$(inherited)",
					"$(PROJECT_DIR)/Carthage/Build/Mac",
				);
				INFOPLIST_FILE = ReduxKitRxSwiftTests/Info.plist;
				LD_RUNPATH_SEARCH_PATHS = "$(inherited) @executable_path/../Frameworks @loader_path/../Frameworks";
				PRODUCT_BUNDLE_IDENTIFIER = ReduxKit.ReduxKitRxSwiftTests;
				PRODUCT_NAME = ReduxKitRxSwiftTests;
				SDKROOT = macosx;
			};
			name = Release;
		};
/* End XCBuildConfiguration section */

/* Begin XCConfigurationList section */
		7398B0051C25FEF5000ED3FD /* Build configuration list for PBXProject "ReduxKitRxSwift" */ = {
			isa = XCConfigurationList;
			buildConfigurations = (
				7398B01D1C25FEF5000ED3FD /* Debug */,
				7398B01E1C25FEF5000ED3FD /* Release */,
			);
			defaultConfigurationIsVisible = 0;
			defaultConfigurationName = Release;
		};
		7398B01F1C25FEF5000ED3FD /* Build configuration list for PBXNativeTarget "ReduxKitRxSwift-iOS" */ = {
			isa = XCConfigurationList;
			buildConfigurations = (
				7398B0201C25FEF5000ED3FD /* Debug */,
				7398B0211C25FEF5000ED3FD /* Release */,
			);
			defaultConfigurationIsVisible = 0;
			defaultConfigurationName = Release;
		};
		7398B0221C25FEF5000ED3FD /* Build configuration list for PBXNativeTarget "ReduxKitRxSwift-iOSTests" */ = {
			isa = XCConfigurationList;
			buildConfigurations = (
				7398B0231C25FEF5000ED3FD /* Debug */,
				7398B0241C25FEF5000ED3FD /* Release */,
			);
			defaultConfigurationIsVisible = 0;
			defaultConfigurationName = Release;
		};
		7398B02F1C25FF1F000ED3FD /* Build configuration list for PBXNativeTarget "ReduxKitRxSwift-watchOS" */ = {
			isa = XCConfigurationList;
			buildConfigurations = (
				7398B0301C25FF1F000ED3FD /* Debug */,
				7398B0311C25FF1F000ED3FD /* Release */,
			);
			defaultConfigurationIsVisible = 0;
			defaultConfigurationName = Release;
		};
		7398B0481C25FF34000ED3FD /* Build configuration list for PBXNativeTarget "ReduxKitRxSwift-tvOS" */ = {
			isa = XCConfigurationList;
			buildConfigurations = (
				7398B0491C25FF34000ED3FD /* Debug */,
				7398B04A1C25FF34000ED3FD /* Release */,
			);
			defaultConfigurationIsVisible = 0;
			defaultConfigurationName = Release;
		};
		7398B04B1C25FF34000ED3FD /* Build configuration list for PBXNativeTarget "ReduxKitRxSwift-tvOSTests" */ = {
			isa = XCConfigurationList;
			buildConfigurations = (
				7398B04C1C25FF34000ED3FD /* Debug */,
				7398B04D1C25FF34000ED3FD /* Release */,
			);
			defaultConfigurationIsVisible = 0;
			defaultConfigurationName = Release;
		};
		7398B0641C25FF4B000ED3FD /* Build configuration list for PBXNativeTarget "ReduxKitRxSwift-Mac" */ = {
			isa = XCConfigurationList;
			buildConfigurations = (
				7398B0651C25FF4B000ED3FD /* Debug */,
				7398B0661C25FF4B000ED3FD /* Release */,
			);
			defaultConfigurationIsVisible = 0;
			defaultConfigurationName = Release;
		};
		7398B0671C25FF4B000ED3FD /* Build configuration list for PBXNativeTarget "ReduxKitRxSwift-MacTests" */ = {
			isa = XCConfigurationList;
			buildConfigurations = (
				7398B0681C25FF4B000ED3FD /* Debug */,
				7398B0691C25FF4B000ED3FD /* Release */,
			);
			defaultConfigurationIsVisible = 0;
			defaultConfigurationName = Release;
		};
/* End XCConfigurationList section */
	};
	rootObject = 7398B0021C25FEF5000ED3FD /* Project object */;
}
